{
  "name": "demo",
  "lockfileVersion": 3,
  "requires": true,
  "packages": {
    "": {
      "dependencies": {
        "angular": "^1.8.3"
      },
      "devDependencies": {
        "@angular/language-service": "^19.2.11",
        "typescript": "^5.8.3"
      }
    },
    "node_modules/@angular/language-service": {
      "version": "19.2.11",
      "resolved": "https://registry.npmjs.org/@angular/language-service/-/language-service-19.2.11.tgz",
      "integrity": "sha512-dhfHlTOp6rephWjp+YFZq2iTradXE2OgcYG0eI+Qi+e/uzUfQBMPTjYMjbcH/agv4DaMtOfB6KqWnkbHO5CFlg==",
      "dev": true,
      "engines": {
        "node": "^18.19.1 || ^20.11.1 || >=22.0.0"
      }
    },
    "node_modules/angular": {
      "version": "1.8.3",
      "resolved": "https://registry.npmjs.org/angular/-/angular-1.8.3.tgz",
      "integrity": "sha512-5qjkWIQQVsHj4Sb5TcEs4WZWpFeVFHXwxEBHUhrny41D8UrBAd6T/6nPPAsLngJCReIOqi95W3mxdveveutpZw==",
      "deprecated": "For the actively supported Angular, see https://www.npmjs.com/package/@angular/core. AngularJS support has officially ended. For extended AngularJS support options, see https://goo.gle/angularjs-path-forward.",
      "license": "MIT"
    },
    "node_modules/typescript": {
      "version": "5.8.3",
      "resolved": "https://registry.npmjs.org/typescript/-/typescript-5.8.3.tgz",
      "integrity": "sha512-p1diW6TqL9L07nNxvRMM7hMMw4c5XOo/1ibL4aAIGmSAt9slTE1Xgw5KWuof2uTOvCg9BY7ZRi+GaF+7sfgPeQ==",
      "dev": true,
      "bin": {
        "tsc": "bin/tsc",
        "tsserver": "bin/tsserver"
      },
      "engines": {
        "node": ">=14.17"
      }
    }
  }
}
